
Microsoft Visual Studio Solution File, Format Version 12.00
# Visual Studio Version 16
VisualStudioVersion = 16.0.32929.386
MinimumVisualStudioVersion = 10.0.40219.1
Project("{FAE04EC0-301F-11D3-BF4B-00C04F79EFBC}") = "WindowsFormsApp4", "WindowsFormsApp4.csproj", "{DFF49397-97A4-44CA-8044-D800FD5C256D}"
EndProject
Global
	GlobalSection(SolutionConfigurationPlatforms) = preSolution
		Debug|Any CPU = Debug|Any CPU
		Release|Any CPU = Release|Any CPU
	EndGlobalSection
	GlobalSection(ProjectConfigurationPlatforms) = postSolution
		{DFF49397-97A4-44CA-8044-D800FD5C256D}.Debug|Any CPU.ActiveCfg = Debug|Any CPU
		{DFF49397-97A4-44CA-8044-D800FD5C256D}.Debug|Any CPU.Build.0 = Debug|Any CPU
		{DFF49397-97A4-44CA-8044-D800FD5C256D}.Release|Any CPU.ActiveCfg = Release|Any CPU
		{DFF49397-97A4-44CA-8044-D800FD5C256D}.Release|Any CPU.Build.0 = Release|Any CPU
	EndGlobalSection
	GlobalSection(SolutionProperties) = preSolution
		HideSolutionNode = FALSE
	EndGlobalSection
	GlobalSection(ExtensibilityGlobals) = postSolution
		SolutionGuid = {B850E3D8-5C2F-45BE-B200-421D030C2018}
	EndGlobalSection
EndGlobal
